<?xml version="1.0" encoding="utf-8"?>
<Project ToolsVersion="4.0" xmlns="http://schemas.microsoft.com/developer/msbuild/2003">
  <ItemGroup>
    <Filter Include="App">
      <UniqueIdentifier>{4FC737F1-C7A5-4376-A066-2A32D752A2FF}</UniqueIdentifier>
      <Extensions>cpp;c;cc;cxx;def;odl;idl;hpj;bat;asm;asmx</Extensions>
    </Filter>
    <Filter Include="Common">
      <UniqueIdentifier>{c0a641a0-e3f4-4fbf-bcd8-412eb20fa613}</UniqueIdentifier>
    </Filter>
    <Filter Include="Game objects">
      <UniqueIdentifier>{16e00533-e7bc-43fa-8c90-8284ec7b961f}</UniqueIdentifier>
    </Filter>
  </ItemGroup>
  <ItemGroup>
    <ClCompile Include="main.cpp">
      <Filter>App</Filter>
    </ClCompile>
    <ClCompile Include="shapes.cpp">
      <Filter>Game objects</Filter>
    </ClCompile>
    <ClCompile Include="navgrid.cpp">
      <Filter>Game objects</Filter>
    </ClCompile>
    <ClCompile Include="units.cpp">
      <Filter>Game objects</Filter>
    </ClCompile>
    <ClCompile Include="towers.cpp">
      <Filter>Game objects</Filter>
    </ClCompile>
    <ClCompile Include="level.cpp">
      <Filter>Game objects</Filter>
    </ClCompile>
    <ClCompile Include="timer.cpp">
      <Filter>Common</Filter>
    </ClCompile>
    <ClCompile Include="spawner.cpp">
      <Filter>Game objects</Filter>
    </ClCompile>
    <ClCompile Include="myMath.cpp">
      <Filter>Game objects</Filter>
    </ClCompile>
  </ItemGroup>
  <ItemGroup>
    <ClInclude Include="shapes.h">
      <Filter>Game objects</Filter>
    </ClInclude>
    <ClInclude Include="navgrid.h">
      <Filter>Game objects</Filter>
    </ClInclude>
    <ClInclude Include="units.h">
      <Filter>Game objects</Filter>
    </ClInclude>
    <ClInclude Include="towers.h">
      <Filter>Game objects</Filter>
    </ClInclude>
    <ClInclude Include="level.h">
      <Filter>Game objects</Filter>
    </ClInclude>
    <ClInclude Include="timer.h">
      <Filter>Common</Filter>
    </ClInclude>
    <ClInclude Include="spawner.h">
      <Filter>Game objects</Filter>
    </ClInclude>
    <ClInclude Include="myMath.h">
      <Filter>Game objects</Filter>
    </ClInclude>
  </ItemGroup>
</Project>